
Microsoft Visual Studio Solution File, Format Version 12.00
# Visual Studio Version 16
VisualStudioVersion = 16.0.29911.84
MinimumVisualStudioVersion = 10.0.40219.1
Project("{FAE04EC0-301F-11D3-BF4B-00C04F79EFBC}") = "FirstChanceExeptions", "FirstChanceExeptions.csproj", "{DE5F5F15-C7B5-46BD-99DC-C138862177D3}"
EndProject
Global
	GlobalSection(SolutionConfigurationPlatforms) = preSolution
		Debug|Any CPU = Debug|Any CPU
		Release|Any CPU = Release|Any CPU
	EndGlobalSection
	GlobalSection(ProjectConfigurationPlatforms) = postSolution
		{DE5F5F15-C7B5-46BD-99DC-C138862177D3}.Debug|Any CPU.ActiveCfg = Debug|Any CPU
		{DE5F5F15-C7B5-46BD-99DC-C138862177D3}.Debug|Any CPU.Build.0 = Debug|Any CPU
		{DE5F5F15-C7B5-46BD-99DC-C138862177D3}.Release|Any CPU.ActiveCfg = Release|Any CPU
		{DE5F5F15-C7B5-46BD-99DC-C138862177D3}.Release|Any CPU.Build.0 = Release|Any CPU
	EndGlobalSection
	GlobalSection(SolutionProperties) = preSolution
		HideSolutionNode = FALSE
	EndGlobalSection
	GlobalSection(ExtensibilityGlobals) = postSolution
		SolutionGuid = {BF710B81-7AEF-4BE8-B617-65E2EB62B5D2}
	EndGlobalSection
EndGlobal
